<?xml version="1.0" encoding="utf-8"?>
<Project ToolsVersion="4.0" xmlns="http://schemas.microsoft.com/developer/msbuild/2003">
  <ItemGroup>
    <Filter Include="TradescantiaEngine">
      <UniqueIdentifier>{EED9F408-DABD-B55E-431E-B0B12F21A0E0}</UniqueIdentifier>
    </Filter>
  </ItemGroup>
  <ItemGroup>
    <ClInclude Include="src\TradescantiaEngine.h" />
    <ClInclude Include="src\TradescantiaEngine\Application.h">
      <Filter>TradescantiaEngine</Filter>
    </ClInclude>
    <ClInclude Include="src\TradescantiaEngine\Core.h">
      <Filter>TradescantiaEngine</Filter>
    </ClInclude>
    <ClInclude Include="src\TradescantiaEngine\EntryPoint.h">
      <Filter>TradescantiaEngine</Filter>
    </ClInclude>
    <ClInclude Include="src\TradescantiaEngine\Log.h">
      <Filter>TradescantiaEngine</Filter>
    </ClInclude>
  </ItemGroup>
  <ItemGroup>
    <ClCompile Include="src\TradescantiaEngine\Application.cpp">
      <Filter>TradescantiaEngine</Filter>
    </ClCompile>
    <ClCompile Include="src\TradescantiaEngine\Log.cpp">
      <Filter>TradescantiaEngine</Filter>
    </ClCompile>
  </ItemGroup>
</Project>