<?xml version="1.0" encoding="utf-8"?>
<Project ToolsVersion="4.0" xmlns="http://schemas.microsoft.com/developer/msbuild/2003">
  <ItemGroup>
    <Filter Include="Core">
      <UniqueIdentifier>{2EB4837C-1AEB-840D-C3D7-6A10AFED000F}</UniqueIdentifier>
    </Filter>
    <Filter Include="Engine">
      <UniqueIdentifier>{DBC7D3B0-C769-FE86-B024-12DB9C6585D7}</UniqueIdentifier>
    </Filter>
    <Filter Include="EventSystem">
      <UniqueIdentifier>{CCE875DF-389E-EED4-C192-E8AB2D47E5D8}</UniqueIdentifier>
    </Filter>
    <Filter Include="EventSystem\Events">
      <UniqueIdentifier>{3037AC02-1C1B-6D58-857B-67AB717E57DA}</UniqueIdentifier>
    </Filter>
    <Filter Include="Layers">
      <UniqueIdentifier>{157446C0-0116-7196-EAD0-84EAD611F8E6}</UniqueIdentifier>
    </Filter>
    <Filter Include="Utils">
      <UniqueIdentifier>{F68B420E-62A0-6ABF-2B22-0E1F97F566F0}</UniqueIdentifier>
    </Filter>
    <Filter Include="Window">
      <UniqueIdentifier>{3DEA79DA-298C-A4B0-1247-B804FE872B01}</UniqueIdentifier>
    </Filter>
    <Filter Include="Window\Platform">
      <UniqueIdentifier>{31FB73ED-9D86-E1B1-A697-64A612A23DB2}</UniqueIdentifier>
    </Filter>
    <Filter Include="Window\Platform\Windows">
      <UniqueIdentifier>{6B461E85-D77D-661C-E087-CA3F4C3E8D15}</UniqueIdentifier>
    </Filter>
  </ItemGroup>
  <ItemGroup>
    <ClInclude Include="Source\Core\Core.h">
      <Filter>Core</Filter>
    </ClInclude>
    <ClInclude Include="Source\Core\EntryPoint.h">
      <Filter>Core</Filter>
    </ClInclude>
    <ClInclude Include="Source\Engine\Engine.h">
      <Filter>Engine</Filter>
    </ClInclude>
    <ClInclude Include="Source\EventSystem\Event.h">
      <Filter>EventSystem</Filter>
    </ClInclude>
    <ClInclude Include="Source\EventSystem\Events\KeyEvent.h">
      <Filter>EventSystem\Events</Filter>
    </ClInclude>
    <ClInclude Include="Source\EventSystem\Events\MouseEvent.h">
      <Filter>EventSystem\Events</Filter>
    </ClInclude>
    <ClInclude Include="Source\EventSystem\Events\WindowEvent.h">
      <Filter>EventSystem\Events</Filter>
    </ClInclude>
    <ClInclude Include="Source\Layers\Layer.h">
      <Filter>Layers</Filter>
    </ClInclude>
    <ClInclude Include="Source\Layers\LayerStack.h">
      <Filter>Layers</Filter>
    </ClInclude>
    <ClInclude Include="Source\TradescantiaEngine.h" />
    <ClInclude Include="Source\Utils\Log.h">
      <Filter>Utils</Filter>
    </ClInclude>
    <ClInclude Include="Source\Window\Platform\Windows\WindowsWindow.h">
      <Filter>Window\Platform\Windows</Filter>
    </ClInclude>
    <ClInclude Include="Source\Window\Window.h">
      <Filter>Window</Filter>
    </ClInclude>
    <ClInclude Include="Source\tscpch.h" />
  </ItemGroup>
  <ItemGroup>
    <ClCompile Include="Source\Engine\Engine.cpp">
      <Filter>Engine</Filter>
    </ClCompile>
    <ClCompile Include="Source\Layers\Layer.cpp">
      <Filter>Layers</Filter>
    </ClCompile>
    <ClCompile Include="Source\Layers\LayerStack.cpp">
      <Filter>Layers</Filter>
    </ClCompile>
    <ClCompile Include="Source\Utils\Log.cpp">
      <Filter>Utils</Filter>
    </ClCompile>
    <ClCompile Include="Source\Window\Platform\Windows\WindowsWindow.cpp">
      <Filter>Window\Platform\Windows</Filter>
    </ClCompile>
    <ClCompile Include="Source\tscpch.cpp" />
  </ItemGroup>
</Project>